
Microsoft Visual Studio Solution File, Format Version 12.00
# Visual Studio 15
Project("{FAE04EC0-301F-11D3-BF4B-00C04F79EFBC}") = "Assembly-CSharp", "Assembly-CSharp.csproj", "{3EEAB9A4-963D-3F16-E4D3-B9255A436AF7}"
EndProject
Project("{FAE04EC0-301F-11D3-BF4B-00C04F79EFBC}") = "Assembly-CSharp-Editor", "Assembly-CSharp-Editor.csproj", "{82D0B8CF-4A15-0A21-921D-616F6C93B92F}"
EndProject
Project("{FAE04EC0-301F-11D3-BF4B-00C04F79EFBC}") = "Assembly-CSharp", "Assembly-CSharp.Player.csproj", "{F3B8728B-70D3-EDBD-1B04-867977C6957B}"
EndProject
Global
	GlobalSection(SolutionConfigurationPlatforms) = preSolution
		Debug|Any CPU = Debug|Any CPU
		Release|Any CPU = Release|Any CPU
	EndGlobalSection
	GlobalSection(ProjectConfigurationPlatforms) = postSolution
		{3EEAB9A4-963D-3F16-E4D3-B9255A436AF7}.Debug|Any CPU.ActiveCfg = Debug|Any CPU
		{3EEAB9A4-963D-3F16-E4D3-B9255A436AF7}.Debug|Any CPU.Build.0 = Debug|Any CPU
		{3EEAB9A4-963D-3F16-E4D3-B9255A436AF7}.Release|Any CPU.ActiveCfg = Release|Any CPU
		{3EEAB9A4-963D-3F16-E4D3-B9255A436AF7}.Release|Any CPU.Build.0 = Release|Any CPU
		{82D0B8CF-4A15-0A21-921D-616F6C93B92F}.Debug|Any CPU.ActiveCfg = Debug|Any CPU
		{82D0B8CF-4A15-0A21-921D-616F6C93B92F}.Debug|Any CPU.Build.0 = Debug|Any CPU
		{82D0B8CF-4A15-0A21-921D-616F6C93B92F}.Release|Any CPU.ActiveCfg = Release|Any CPU
		{82D0B8CF-4A15-0A21-921D-616F6C93B92F}.Release|Any CPU.Build.0 = Release|Any CPU
		{F3B8728B-70D3-EDBD-1B04-867977C6957B}.Debug|Any CPU.ActiveCfg = Debug|Any CPU
		{F3B8728B-70D3-EDBD-1B04-867977C6957B}.Debug|Any CPU.Build.0 = Debug|Any CPU
		{F3B8728B-70D3-EDBD-1B04-867977C6957B}.Release|Any CPU.ActiveCfg = Release|Any CPU
		{F3B8728B-70D3-EDBD-1B04-867977C6957B}.Release|Any CPU.Build.0 = Release|Any CPU
	EndGlobalSection
	GlobalSection(SolutionProperties) = preSolution
		HideSolutionNode = FALSE
	EndGlobalSection
EndGlobal
